
Microsoft Visual Studio Solution File, Format Version 12.00
Project("{FAE04EC0-301F-11D3-BF4B-00C04F79EFBC}") = "UI_Tests_Project", "UI_Tests_Project\UI_Tests_Project.csproj", "{99A87730-DE29-4C42-85BA-6D9276B8304F}"
EndProject
Global
	GlobalSection(SolutionConfigurationPlatforms) = preSolution
		Debug|Any CPU = Debug|Any CPU
		Release|Any CPU = Release|Any CPU
	EndGlobalSection
	GlobalSection(ProjectConfigurationPlatforms) = postSolution
		{99A87730-DE29-4C42-85BA-6D9276B8304F}.Debug|Any CPU.ActiveCfg = Debug|Any CPU
		{99A87730-DE29-4C42-85BA-6D9276B8304F}.Debug|Any CPU.Build.0 = Debug|Any CPU
		{99A87730-DE29-4C42-85BA-6D9276B8304F}.Release|Any CPU.ActiveCfg = Release|Any CPU
		{99A87730-DE29-4C42-85BA-6D9276B8304F}.Release|Any CPU.Build.0 = Release|Any CPU
	EndGlobalSection
EndGlobal
